
Microsoft Visual Studio Solution File, Format Version 12.00
# Visual Studio 15
VisualStudioVersion = 15.0.26730.16
MinimumVisualStudioVersion = 10.0.40219.1
Project("{FAE04EC0-301F-11D3-BF4B-00C04F79EFBC}") = "TestAngularWithCore.Web", "TestAngularWithCore.Web\TestAngularWithCore.Web.csproj", "{DE70FCFC-078B-464E-AE3B-B8E5060B9D14}"
EndProject
Global
	GlobalSection(SolutionConfigurationPlatforms) = preSolution
		Debug|Any CPU = Debug|Any CPU
		Release|Any CPU = Release|Any CPU
	EndGlobalSection
	GlobalSection(ProjectConfigurationPlatforms) = postSolution
		{DE70FCFC-078B-464E-AE3B-B8E5060B9D14}.Debug|Any CPU.ActiveCfg = Debug|Any CPU
		{DE70FCFC-078B-464E-AE3B-B8E5060B9D14}.Debug|Any CPU.Build.0 = Debug|Any CPU
		{DE70FCFC-078B-464E-AE3B-B8E5060B9D14}.Release|Any CPU.ActiveCfg = Release|Any CPU
		{DE70FCFC-078B-464E-AE3B-B8E5060B9D14}.Release|Any CPU.Build.0 = Release|Any CPU
	EndGlobalSection
	GlobalSection(SolutionProperties) = preSolution
		HideSolutionNode = FALSE
	EndGlobalSection
	GlobalSection(ExtensibilityGlobals) = postSolution
		SolutionGuid = {DFC75AB3-58B4-46B7-9772-742B0E493B63}
	EndGlobalSection
EndGlobal
